# THIS IS AN AUTOGENERATED FILE. DO NOT EDIT THIS FILE DIRECTLY.
# yarn lockfile v1


codemirror@^5.51.0:
  version "5.51.0"
  resolved "https://registry.yarnpkg.com/codemirror/-/codemirror-5.51.0.tgz#7746caaf5223e68f5c55ea11e2f3cc82a9a3929e"
  integrity sha512-vyuYYRv3eXL0SCuZA4spRFlKNzQAewHcipRQCOKgRy7VNAvZxTKzbItdbCl4S5AgPZ5g3WkHp+ibWQwv9TLG7Q==

requirejs@^2.3.6:
  version "2.3.6"
  resolved "https://registry.yarnpkg.com/requirejs/-/requirejs-2.3.6.tgz#e5093d9601c2829251258c0b9445d4d19fa9e7c9"
  integrity sha512-ipEzlWQe6RK3jkzikgCupiTbTvm4S0/CAU5GlgptkN5SO6F3u0UD0K18wy6ErDqiCyP4J4YYe1HuAShvsxePLg==
